
Microsoft Visual Studio Solution File, Format Version 12.00
# Visual Studio Version 16
VisualStudioVersion = 16.0.31613.86
MinimumVisualStudioVersion = 10.0.40219.1
Project("{FAE04EC0-301F-11D3-BF4B-00C04F79EFBC}") = "FajlbaOlvaIr", "FajlbaOlvaIr\FajlbaOlvaIr.csproj", "{D6DB84D5-885D-453C-9833-39F2E94089D4}"
EndProject
Global
	GlobalSection(SolutionConfigurationPlatforms) = preSolution
		Debug|Any CPU = Debug|Any CPU
		Release|Any CPU = Release|Any CPU
	EndGlobalSection
	GlobalSection(ProjectConfigurationPlatforms) = postSolution
		{D6DB84D5-885D-453C-9833-39F2E94089D4}.Debug|Any CPU.ActiveCfg = Debug|Any CPU
		{D6DB84D5-885D-453C-9833-39F2E94089D4}.Debug|Any CPU.Build.0 = Debug|Any CPU
		{D6DB84D5-885D-453C-9833-39F2E94089D4}.Release|Any CPU.ActiveCfg = Release|Any CPU
		{D6DB84D5-885D-453C-9833-39F2E94089D4}.Release|Any CPU.Build.0 = Release|Any CPU
	EndGlobalSection
	GlobalSection(SolutionProperties) = preSolution
		HideSolutionNode = FALSE
	EndGlobalSection
	GlobalSection(ExtensibilityGlobals) = postSolution
		SolutionGuid = {EB63B39D-7593-4DEE-BCD6-6794D2DDCAA0}
	EndGlobalSection
EndGlobal
